
Microsoft Visual Studio Solution File, Format Version 12.00
# Visual Studio Version 17
VisualStudioVersion = 17.13.35825.156 d17.13
MinimumVisualStudioVersion = 10.0.40219.1
Project("{FAE04EC0-301F-11D3-BF4B-00C04F79EFBC}") = "Client", "Client\Client.csproj", "{7919663F-AB97-4459-9054-239808EA4D5A}"
EndProject
Global
	GlobalSection(SolutionConfigurationPlatforms) = preSolution
		Debug|Any CPU = Debug|Any CPU
		Release|Any CPU = Release|Any CPU
	EndGlobalSection
	GlobalSection(ProjectConfigurationPlatforms) = postSolution
		{7919663F-AB97-4459-9054-239808EA4D5A}.Debug|Any CPU.ActiveCfg = Debug|Any CPU
		{7919663F-AB97-4459-9054-239808EA4D5A}.Debug|Any CPU.Build.0 = Debug|Any CPU
		{7919663F-AB97-4459-9054-239808EA4D5A}.Release|Any CPU.ActiveCfg = Release|Any CPU
		{7919663F-AB97-4459-9054-239808EA4D5A}.Release|Any CPU.Build.0 = Release|Any CPU
	EndGlobalSection
	GlobalSection(SolutionProperties) = preSolution
		HideSolutionNode = FALSE
	EndGlobalSection
	GlobalSection(ExtensibilityGlobals) = postSolution
		SolutionGuid = {000E5961-413F-48A3-88A9-3073E53F7221}
	EndGlobalSection
EndGlobal
